
Microsoft Visual Studio Solution File, Format Version 12.00
# Visual Studio Version 17
VisualStudioVersion = 17.7.34003.232
MinimumVisualStudioVersion = 10.0.40219.1
Project("{FAE04EC0-301F-11D3-BF4B-00C04F79EFBC}") = "WpfApp1", "WpfApp1\WpfApp1.csproj", "{1E869520-D2E9-446F-9290-BB08173DA82E}"
EndProject
Global
	GlobalSection(SolutionConfigurationPlatforms) = preSolution
		Debug|Any CPU = Debug|Any CPU
		Release|Any CPU = Release|Any CPU
	EndGlobalSection
	GlobalSection(ProjectConfigurationPlatforms) = postSolution
		{1E869520-D2E9-446F-9290-BB08173DA82E}.Debug|Any CPU.ActiveCfg = Debug|Any CPU
		{1E869520-D2E9-446F-9290-BB08173DA82E}.Debug|Any CPU.Build.0 = Debug|Any CPU
		{1E869520-D2E9-446F-9290-BB08173DA82E}.Release|Any CPU.ActiveCfg = Release|Any CPU
		{1E869520-D2E9-446F-9290-BB08173DA82E}.Release|Any CPU.Build.0 = Release|Any CPU
	EndGlobalSection
	GlobalSection(SolutionProperties) = preSolution
		HideSolutionNode = FALSE
	EndGlobalSection
	GlobalSection(ExtensibilityGlobals) = postSolution
		SolutionGuid = {27857BA3-EF80-441A-9480-AFB5A580E16A}
	EndGlobalSection
EndGlobal
